
Microsoft Visual Studio Solution File, Format Version 12.00
# Visual Studio 14
VisualStudioVersion = 14.0.24720.0
MinimumVisualStudioVersion = 10.0.40219.1
Project("{FAE04EC0-301F-11D3-BF4B-00C04F79EFBC}") = "Test2MvvmLight", "Test2MvvmLight\Test2MvvmLight.csproj", "{9CEC1B00-D155-4A41-933E-147F48CC478B}"
EndProject
Project("{FAE04EC0-301F-11D3-BF4B-00C04F79EFBC}") = "MvvmLightTest3", "MvvmLightTest3\MvvmLightTest3.csproj", "{C3DF0B5C-20BA-42D1-BFB1-D1FEEA406ED4}"
EndProject
Project("{FAE04EC0-301F-11D3-BF4B-00C04F79EFBC}") = "SplashDemo", "SplashDemo\SplashDemo.csproj", "{02D765D2-49E6-4AF2-AF45-B881D252A237}"
EndProject
Global
	GlobalSection(SolutionConfigurationPlatforms) = preSolution
		Debug|Any CPU = Debug|Any CPU
		Release|Any CPU = Release|Any CPU
	EndGlobalSection
	GlobalSection(ProjectConfigurationPlatforms) = postSolution
		{9CEC1B00-D155-4A41-933E-147F48CC478B}.Debug|Any CPU.ActiveCfg = Debug|Any CPU
		{9CEC1B00-D155-4A41-933E-147F48CC478B}.Debug|Any CPU.Build.0 = Debug|Any CPU
		{9CEC1B00-D155-4A41-933E-147F48CC478B}.Release|Any CPU.ActiveCfg = Release|Any CPU
		{9CEC1B00-D155-4A41-933E-147F48CC478B}.Release|Any CPU.Build.0 = Release|Any CPU
		{C3DF0B5C-20BA-42D1-BFB1-D1FEEA406ED4}.Debug|Any CPU.ActiveCfg = Debug|Any CPU
		{C3DF0B5C-20BA-42D1-BFB1-D1FEEA406ED4}.Debug|Any CPU.Build.0 = Debug|Any CPU
		{C3DF0B5C-20BA-42D1-BFB1-D1FEEA406ED4}.Release|Any CPU.ActiveCfg = Release|Any CPU
		{C3DF0B5C-20BA-42D1-BFB1-D1FEEA406ED4}.Release|Any CPU.Build.0 = Release|Any CPU
		{02D765D2-49E6-4AF2-AF45-B881D252A237}.Debug|Any CPU.ActiveCfg = Debug|Any CPU
		{02D765D2-49E6-4AF2-AF45-B881D252A237}.Debug|Any CPU.Build.0 = Debug|Any CPU
		{02D765D2-49E6-4AF2-AF45-B881D252A237}.Release|Any CPU.ActiveCfg = Release|Any CPU
		{02D765D2-49E6-4AF2-AF45-B881D252A237}.Release|Any CPU.Build.0 = Release|Any CPU
	EndGlobalSection
	GlobalSection(SolutionProperties) = preSolution
		HideSolutionNode = FALSE
	EndGlobalSection
EndGlobal
